// !$*UTF8*$!
{
	archiveVersion = 1;
	classes = {
	};
	objectVersion = 48;
	objects = {

/* Begin PBXBuildFile section */
		0D348BBB1F6B729000077DB7 /* AppDelegate.swift in Sources */ = {isa = PBXBuildFile; fileRef = 0D348BBA1F6B729000077DB7 /* AppDelegate.swift */; };
		0D348BBD1F6B729000077DB7 /* ViewController.swift in Sources */ = {isa = PBXBuildFile; fileRef = 0D348BBC1F6B729000077DB7 /* ViewController.swift */; };
		0D348BC01F6B729000077DB7 /* Main.storyboard in Resources */ = {isa = PBXBuildFile; fileRef = 0D348BBE1F6B729000077DB7 /* Main.storyboard */; };
		0D348BC21F6B729000077DB7 /* Assets.xcassets in Resources */ = {isa = PBXBuildFile; fileRef = 0D348BC11F6B729000077DB7 /* Assets.xcassets */; };
		0D348BC51F6B729000077DB7 /* LaunchScreen.storyboard in Resources */ = {isa = PBXBuildFile; fileRef = 0D348BC31F6B729000077DB7 /* LaunchScreen.storyboard */; };
		0D348BD01F6B729000077DB7 /* MZRefleshTests.swift in Sources */ = {isa = PBXBuildFile; fileRef = 0D348BCF1F6B729000077DB7 /* MZRefleshTests.swift */; };
		0D348BDB1F6B729000077DB7 /* MZRefleshUITests.swift in Sources */ = {isa = PBXBuildFile; fileRef = 0D348BDA1F6B729000077DB7 /* MZRefleshUITests.swift */; };
/* End PBXBuildFile section */

/* Begin PBXContainerItemProxy section */
		0D348BCC1F6B729000077DB7 /* PBXContainerItemProxy */ = {
			isa = PBXContainerItemProxy;
			containerPortal = 0D348BAF1F6B729000077DB7 /* Project object */;
			proxyType = 1;
			remoteGlobalIDString = 0D348BB61F6B729000077DB7;
			remoteInfo = MZReflesh;
		};
		0D348BD71F6B729000077DB7 /* PBXContainerItemProxy */ = {
			isa = PBXContainerItemProxy;
			containerPortal = 0D348BAF1F6B729000077DB7 /* Project object */;
			proxyType = 1;
			remoteGlobalIDString = 0D348BB61F6B729000077DB7;
			remoteInfo = MZReflesh;
		};
/* End PBXContainerItemProxy section */

/* Begin PBXFileReference section */
		0D348BB71F6B729000077DB7 /* MZReflesh.app */ = {isa = PBXFileReference; explicitFileType = wrapper.application; includeInIndex = 0; path = MZReflesh.app; sourceTree = BUILT_PRODUCTS_DIR; };
		0D348BBA1F6B729000077DB7 /* AppDelegate.swift */ = {isa = PBXFileReference; lastKnownFileType = sourcecode.swift; path = AppDelegate.swift; sourceTree = "<group>"; };
		0D348BBC1F6B729000077DB7 /* ViewController.swift */ = {isa = PBXFileReference; lastKnownFileType = sourcecode.swift; path = ViewController.swift; sourceTree = "<group>"; };
		0D348BBF1F6B729000077DB7 /* Base */ = {isa = PBXFileReference; lastKnownFileType = file.storyboard; name = Base; path = Base.lproj/Main.storyboard; sourceTree = "<group>"; };
		0D348BC11F6B729000077DB7 /* Assets.xcassets */ = {isa = PBXFileReference; lastKnownFileType = folder.assetcatalog; path = Assets.xcassets; sourceTree = "<group>"; };
		0D348BC41F6B729000077DB7 /* Base */ = {isa = PBXFileReference; lastKnownFileType = file.storyboard; name = Base; path = Base.lproj/LaunchScreen.storyboard; sourceTree = "<group>"; };
		0D348BC61F6B729000077DB7 /* Info.plist */ = {isa = PBXFileReference; lastKnownFileType = text.plist.xml; path = Info.plist; sourceTree = "<group>"; };
		0D348BCB1F6B729000077DB7 /* MZRefleshTests.xctest */ = {isa = PBXFileReference; explicitFileType = wrapper.cfbundle; includeInIndex = 0; path = MZRefleshTests.xctest; sourceTree = BUILT_PRODUCTS_DIR; };
		0D348BCF1F6B729000077DB7 /* MZRefleshTests.swift */ = {isa = PBXFileReference; lastKnownFileType = sourcecode.swift; path = MZRefleshTests.swift; sourceTree = "<group>"; };
		0D348BD11F6B729000077DB7 /* Info.plist */ = {isa = PBXFileReference; lastKnownFileType = text.plist.xml; path = Info.plist; sourceTree = "<group>"; };
		0D348BD61F6B729000077DB7 /* MZRefleshUITests.xctest */ = {isa = PBXFileReference; explicitFileType = wrapper.cfbundle; includeInIndex = 0; path = MZRefleshUITests.xctest; sourceTree = BUILT_PRODUCTS_DIR; };
		0D348BDA1F6B729000077DB7 /* MZRefleshUITests.swift */ = {isa = PBXFileReference; lastKnownFileType = sourcecode.swift; path = MZRefleshUITests.swift; sourceTree = "<group>"; };
		0D348BDC1F6B729000077DB7 /* Info.plist */ = {isa = PBXFileReference; lastKnownFileType = text.plist.xml; path = Info.plist; sourceTree = "<group>"; };
/* End PBXFileReference section */

/* Begin PBXFrameworksBuildPhase section */
		0D348BB41F6B729000077DB7 /* Frameworks */ = {
			isa = PBXFrameworksBuildPhase;
			buildActionMask = 2147483647;
			files = (
			);
			runOnlyForDeploymentPostprocessing = 0;
		};
		0D348BC81F6B729000077DB7 /* Frameworks */ = {
			isa = PBXFrameworksBuildPhase;
			buildActionMask = 2147483647;
			files = (
			);
			runOnlyForDeploymentPostprocessing = 0;
		};
		0D348BD31F6B729000077DB7 /* Frameworks */ = {
			isa = PBXFrameworksBuildPhase;
			buildActionMask = 2147483647;
			files = (
			);
			runOnlyForDeploymentPostprocessing = 0;
		};
/* End PBXFrameworksBuildPhase section */

/* Begin PBXGroup section */
		0D348BAE1F6B729000077DB7 = {
			isa = PBXGroup;
			children = (
				0D348BB91F6B729000077DB7 /* MZReflesh */,
				0D348BCE1F6B729000077DB7 /* MZRefleshTests */,
				0D348BD91F6B729000077DB7 /* MZRefleshUITests */,
				0D348BB81F6B729000077DB7 /* Products */,
			);
			sourceTree = "<group>";
		};
		0D348BB81F6B729000077DB7 /* Products */ = {
			isa = PBXGroup;
			children = (
				0D348BB71F6B729000077DB7 /* MZReflesh.app */,
				0D348BCB1F6B729000077DB7 /* MZRefleshTests.xctest */,
				0D348BD61F6B729000077DB7 /* MZRefleshUITests.xctest */,
			);
			name = Products;
			sourceTree = "<group>";
		};
		0D348BB91F6B729000077DB7 /* MZReflesh */ = {
			isa = PBXGroup;
			children = (
				0D348BBA1F6B729000077DB7 /* AppDelegate.swift */,
				0D348BBC1F6B729000077DB7 /* ViewController.swift */,
				0D348BBE1F6B729000077DB7 /* Main.storyboard */,
				0D348BC11F6B729000077DB7 /* Assets.xcassets */,
				0D348BC31F6B729000077DB7 /* LaunchScreen.storyboard */,
				0D348BC61F6B729000077DB7 /* Info.plist */,
			);
			path = MZReflesh;
			sourceTree = "<group>";
		};
		0D348BCE1F6B729000077DB7 /* MZRefleshTests */ = {
			isa = PBXGroup;
			children = (
				0D348BCF1F6B729000077DB7 /* MZRefleshTests.swift */,
				0D348BD11F6B729000077DB7 /* Info.plist */,
			);
			path = MZRefleshTests;
			sourceTree = "<group>";
		};
		0D348BD91F6B729000077DB7 /* MZRefleshUITests */ = {
			isa = PBXGroup;
			children = (
				0D348BDA1F6B729000077DB7 /* MZRefleshUITests.swift */,
				0D348BDC1F6B729000077DB7 /* Info.plist */,
			);
			path = MZRefleshUITests;
			sourceTree = "<group>";
		};
/* End PBXGroup section */

/* Begin PBXNativeTarget section */
		0D348BB61F6B729000077DB7 /* MZReflesh */ = {
			isa = PBXNativeTarget;
			buildConfigurationList = 0D348BDF1F6B729000077DB7 /* Build configuration list for PBXNativeTarget "MZReflesh" */;
			buildPhases = (
				0D348BB31F6B729000077DB7 /* Sources */,
				0D348BB41F6B729000077DB7 /* Frameworks */,
				0D348BB51F6B729000077DB7 /* Resources */,
			);
			buildRules = (
			);
			dependencies = (
			);
			name = MZReflesh;
			productName = MZReflesh;
			productReference = 0D348BB71F6B729000077DB7 /* MZReflesh.app */;
			productType = "com.apple.product-type.application";
		};
		0D348BCA1F6B729000077DB7 /* MZRefleshTests */ = {
			isa = PBXNativeTarget;
			buildConfigurationList = 0D348BE21F6B729000077DB7 /* Build configuration list for PBXNativeTarget "MZRefleshTests" */;
			buildPhases = (
				0D348BC71F6B729000077DB7 /* Sources */,
				0D348BC81F6B729000077DB7 /* Frameworks */,
				0D348BC91F6B729000077DB7 /* Resources */,
			);
			buildRules = (
			);
			dependencies = (
				0D348BCD1F6B729000077DB7 /* PBXTargetDependency */,
			);
			name = MZRefleshTests;
			productName = MZRefleshTests;
			productReference = 0D348BCB1F6B729000077DB7 /* MZRefleshTests.xctest */;
			productType = "com.apple.product-type.bundle.unit-test";
		};
		0D348BD51F6B729000077DB7 /* MZRefleshUITests */ = {
			isa = PBXNativeTarget;
			buildConfigurationList = 0D348BE51F6B729000077DB7 /* Build configuration list for PBXNativeTarget "MZRefleshUITests" */;
			buildPhases = (
				0D348BD21F6B729000077DB7 /* Sources */,
				0D348BD31F6B729000077DB7 /* Frameworks */,
				0D348BD41F6B729000077DB7 /* Resources */,
			);
			buildRules = (
			);
			dependencies = (
				0D348BD81F6B729000077DB7 /* PBXTargetDependency */,
			);
			name = MZRefleshUITests;
			productName = MZRefleshUITests;
			productReference = 0D348BD61F6B729000077DB7 /* MZRefleshUITests.xctest */;
			productType = "com.apple.product-type.bundle.ui-testing";
		};
/* End PBXNativeTarget section */

/* Begin PBXProject section */
		0D348BAF1F6B729000077DB7 /* Project object */ = {
			isa = PBXProject;
			attributes = {
				LastSwiftUpdateCheck = 0900;
				LastUpgradeCheck = 0900;
				ORGANIZATIONNAME = "Murphy Zheng";
				TargetAttributes = {
					0D348BB61F6B729000077DB7 = {
						CreatedOnToolsVersion = 9.0;
					};
					0D348BCA1F6B729000077DB7 = {
						CreatedOnToolsVersion = 9.0;
						TestTargetID = 0D348BB61F6B729000077DB7;
					};
					0D348BD51F6B729000077DB7 = {
						CreatedOnToolsVersion = 9.0;
						TestTargetID = 0D348BB61F6B729000077DB7;
					};
				};
			};
			buildConfigurationList = 0D348BB21F6B729000077DB7 /* Build configuration list for PBXProject "MZReflesh" */;
			compatibilityVersion = "Xcode 8.0";
			developmentRegion = en;
			hasScannedForEncodings = 0;
			knownRegions = (
				en,
				Base,
			);
			mainGroup = 0D348BAE1F6B729000077DB7;
			productRefGroup = 0D348BB81F6B729000077DB7 /* Products */;
			projectDirPath = "";
			projectRoot = "";
			targets = (
				0D348BB61F6B729000077DB7 /* MZReflesh */,
				0D348BCA1F6B729000077DB7 /* MZRefleshTests */,
				0D348BD51F6B729000077DB7 /* MZRefleshUITests */,
			);
		};
/* End PBXProject section */

/* Begin PBXResourcesBuildPhase section */
		0D348BB51F6B729000077DB7 /* Resources */ = {
			isa = PBXResourcesBuildPhase;
			buildActionMask = 2147483647;
			files = (
				0D348BC51F6B729000077DB7 /* LaunchScreen.storyboard in Resources */,
				0D348BC21F6B729000077DB7 /* Assets.xcassets in Resources */,
				0D348BC01F6B729000077DB7 /* Main.storyboard in Resources */,
			);
			runOnlyForDeploymentPostprocessing = 0;
		};
		0D348BC91F6B729000077DB7 /* Resources */ = {
			isa = PBXResourcesBuildPhase;
			buildActionMask = 2147483647;
			files = (
			);
			runOnlyForDeploymentPostprocessing = 0;
		};
		0D348BD41F6B729000077DB7 /* Resources */ = {
			isa = PBXResourcesBuildPhase;
			buildActionMask = 2147483647;
			files = (
			);
			runOnlyForDeploymentPostprocessing = 0;
		};
/* End PBXResourcesBuildPhase section */

/* Begin PBXSourcesBuildPhase section */
		0D348BB31F6B729000077DB7 /* Sources */ = {
			isa = PBXSourcesBuildPhase;
			buildActionMask = 2147483647;
			files = (
				0D348BBD1F6B729000077DB7 /* ViewController.swift in Sources */,
				0D348BBB1F6B729000077DB7 /* AppDelegate.swift in Sources */,
			);
			runOnlyForDeploymentPostprocessing = 0;
		};
		0D348BC71F6B729000077DB7 /* Sources */ = {
			isa = PBXSourcesBuildPhase;
			buildActionMask = 2147483647;
			files = (
				0D348BD01F6B729000077DB7 /* MZRefleshTests.swift in Sources */,
			);
			runOnlyForDeploymentPostprocessing = 0;
		};
		0D348BD21F6B729000077DB7 /* Sources */ = {
			isa = PBXSourcesBuildPhase;
			buildActionMask = 2147483647;
			files = (
				0D348BDB1F6B729000077DB7 /* MZRefleshUITests.swift in Sources */,
			);
			runOnlyForDeploymentPostprocessing = 0;
		};
/* End PBXSourcesBuildPhase section */

/* Begin PBXTargetDependency section */
		0D348BCD1F6B729000077DB7 /* PBXTargetDependency */ = {
			isa = PBXTargetDependency;
			target = 0D348BB61F6B729000077DB7 /* MZReflesh */;
			targetProxy = 0D348BCC1F6B729000077DB7 /* PBXContainerItemProxy */;
		};
		0D348BD81F6B729000077DB7 /* PBXTargetDependency */ = {
			isa = PBXTargetDependency;
			target = 0D348BB61F6B729000077DB7 /* MZReflesh */;
			targetProxy = 0D348BD71F6B729000077DB7 /* PBXContainerItemProxy */;
		};
/* End PBXTargetDependency section */

/* Begin PBXVariantGroup section */
		0D348BBE1F6B729000077DB7 /* Main.storyboard */ = {
			isa = PBXVariantGroup;
			children = (
				0D348BBF1F6B729000077DB7 /* Base */,
			);
			name = Main.storyboard;
			sourceTree = "<group>";
		};
		0D348BC31F6B729000077DB7 /* LaunchScreen.storyboard */ = {
			isa = PBXVariantGroup;
			children = (
				0D348BC41F6B729000077DB7 /* Base */,
			);
			name = LaunchScreen.storyboard;
			sourceTree = "<group>";
		};
/* End PBXVariantGroup section */

/* Begin XCBuildConfiguration section */
		0D348BDD1F6B729000077DB7 /* Debug */ = {
			isa = XCBuildConfiguration;
			buildSettings = {
				ALWAYS_SEARCH_USER_PATHS = NO;
				CLANG_ANALYZER_NONNULL = YES;
				CLANG_ANALYZER_NUMBER_OBJECT_CONVERSION = YES_AGGRESSIVE;
				CLANG_CXX_LANGUAGE_STANDARD = "gnu++14";
				CLANG_CXX_LIBRARY = "libc++";
				CLANG_ENABLE_MODULES = YES;
				CLANG_ENABLE_OBJC_ARC = YES;
				CLANG_WARN_BLOCK_CAPTURE_AUTORELEASING = YES;
				CLANG_WARN_BOOL_CONVERSION = YES;
				CLANG_WARN_COMMA = YES;
				CLANG_WARN_CONSTANT_CONVERSION = YES;
				CLANG_WARN_DIRECT_OBJC_ISA_USAGE = YES_ERROR;
				CLANG_WARN_DOCUMENTATION_COMMENTS = YES;
				CLANG_WARN_EMPTY_BODY = YES;
				CLANG_WARN_ENUM_CONVERSION = YES;
				CLANG_WARN_INFINITE_RECURSION = YES;
				CLANG_WARN_INT_CONVERSION = YES;
				CLANG_WARN_OBJC_ROOT_CLASS = YES_ERROR;
				CLANG_WARN_RANGE_LOOP_ANALYSIS = YES;
				CLANG_WARN_STRICT_PROTOTYPES = YES;
				CLANG_WARN_SUSPICIOUS_MOVE = YES;
				CLANG_WARN_UNGUARDED_AVAILABILITY = YES_AGGRESSIVE;
				CLANG_WARN_UNREACHABLE_CODE = YES;
				CLANG_WARN__DUPLICATE_METHOD_MATCH = YES;
				CODE_SIGN_IDENTITY = "iPhone Developer";
				COPY_PHASE_STRIP = NO;
				DEBUG_INFORMATION_FORMAT = dwarf;
				ENABLE_STRICT_OBJC_MSGSEND = YES;
				ENABLE_TESTABILITY = YES;
				GCC_C_LANGUAGE_STANDARD = gnu11;
				GCC_DYNAMIC_NO_PIC = NO;
				GCC_NO_COMMON_BLOCKS = YES;
				GCC_OPTIMIZATION_LEVEL = 0;
				GCC_PREPROCESSOR_DEFINITIONS = (
					"DEBUG=1",
					"$(inherited)",
				);
				GCC_WARN_64_TO_32_BIT_CONVERSION = YES;
				GCC_WARN_ABOUT_RETURN_TYPE = YES_ERROR;
				GCC_WARN_UNDECLARED_SELECTOR = YES;
				GCC_WARN_UNINITIALIZED_AUTOS = YES_AGGRESSIVE;
				GCC_WARN_UNUSED_FUNCTION = YES;
				GCC_WARN_UNUSED_VARIABLE = YES;
				IPHONEOS_DEPLOYMENT_TARGET = 11.0;
				MTL_ENABLE_DEBUG_INFO = YES;
				ONLY_ACTIVE_ARCH = YES;
				SDKROOT = iphoneos;
				SWIFT_ACTIVE_COMPILATION_CONDITIONS = DEBUG;
				SWIFT_OPTIMIZATION_LEVEL = "-Onone";
			};
			name = Debug;
		};
		0D348BDE1F6B729000077DB7 /* Release */ = {
			isa = XCBuildConfiguration;
			buildSettings = {
				ALWAYS_SEARCH_USER_PATHS = NO;
				CLANG_ANALYZER_NONNULL = YES;
				CLANG_ANALYZER_NUMBER_OBJECT_CONVERSION = YES_AGGRESSIVE;
				CLANG_CXX_LANGUAGE_STANDARD = "gnu++14";
				CLANG_CXX_LIBRARY = "libc++";
				CLANG_ENABLE_MODULES = YES;
				CLANG_ENABLE_OBJC_ARC = YES;
				CLANG_WARN_BLOCK_CAPTURE_AUTORELEASING = YES;
				CLANG_WARN_BOOL_CONVERSION = YES;
				CLANG_WARN_COMMA = YES;
				CLANG_WARN_CONSTANT_CONVERSION = YES;
				CLANG_WARN_DIRECT_OBJC_ISA_USAGE = YES_ERROR;
				CLANG_WARN_DOCUMENTATION_COMMENTS = YES;
				CLANG_WARN_EMPTY_BODY = YES;
				CLANG_WARN_ENUM_CONVERSION = YES;
				CLANG_WARN_INFINITE_RECURSION = YES;
				CLANG_WARN_INT_CONVERSION = YES;
				CLANG_WARN_OBJC_ROOT_CLASS = YES_ERROR;
				CLANG_WARN_RANGE_LOOP_ANALYSIS = YES;
				CLANG_WARN_STRICT_PROTOTYPES = YES;
				CLANG_WARN_SUSPICIOUS_MOVE = YES;
				CLANG_WARN_UNGUARDED_AVAILABILITY = YES_AGGRESSIVE;
				CLANG_WARN_UNREACHABLE_CODE = YES;
				CLANG_WARN__DUPLICATE_METHOD_MATCH = YES;
				CODE_SIGN_IDENTITY = "iPhone Developer";
				COPY_PHASE_STRIP = NO;
				DEBUG_INFORMATION_FORMAT = "dwarf-with-dsym";
				ENABLE_NS_ASSERTIONS = NO;
				ENABLE_STRICT_OBJC_MSGSEND = YES;
				GCC_C_LANGUAGE_STANDARD = gnu11;
				GCC_NO_COMMON_BLOCKS = YES;
				GCC_WARN_64_TO_32_BIT_CONVERSION = YES;
				GCC_WARN_ABOUT_RETURN_TYPE = YES_ERROR;
				GCC_WARN_UNDECLARED_SELECTOR = YES;
				GCC_WARN_UNINITIALIZED_AUTOS = YES_AGGRESSIVE;
				GCC_WARN_UNUSED_FUNCTION = YES;
				GCC_WARN_UNUSED_VARIABLE = YES;
				IPHONEOS_DEPLOYMENT_TARGET = 11.0;
				MTL_ENABLE_DEBUG_INFO = NO;
				SDKROOT = iphoneos;
				SWIFT_OPTIMIZATION_LEVEL = "-Owholemodule";
				VALIDATE_PRODUCT = YES;
			};
			name = Release;
		};
		0D348BE01F6B729000077DB7 /* Debug */ = {
			isa = XCBuildConfiguration;
			buildSettings = {
				ASSETCATALOG_COMPILER_APPICON_NAME = AppIcon;
				INFOPLIST_FILE = MZReflesh/Info.plist;
				LD_RUNPATH_SEARCH_PATHS = "$(inherited) @executable_path/Frameworks";
				PRODUCT_BUNDLE_IDENTIFIER = com.mulburry.MZReflesh;
				PRODUCT_NAME = "$(TARGET_NAME)";
				SWIFT_VERSION = 4.0;
				TARGETED_DEVICE_FAMILY = "1,2";
			};
			name = Debug;
		};
		0D348BE11F6B729000077DB7 /* Release */ = {
			isa = XCBuildConfiguration;
			buildSettings = {
				ASSETCATALOG_COMPILER_APPICON_NAME = AppIcon;
				INFOPLIST_FILE = MZReflesh/Info.plist;
				LD_RUNPATH_SEARCH_PATHS = "$(inherited) @executable_path/Frameworks";
				PRODUCT_BUNDLE_IDENTIFIER = com.mulburry.MZReflesh;
				PRODUCT_NAME = "$(TARGET_NAME)";
				SWIFT_VERSION = 4.0;
				TARGETED_DEVICE_FAMILY = "1,2";
			};
			name = Release;
		};
		0D348BE31F6B729000077DB7 /* Debug */ = {
			isa = XCBuildConfiguration;
			buildSettings = {
				ALWAYS_EMBED_SWIFT_STANDARD_LIBRARIES = YES;
				BUNDLE_LOADER = "$(TEST_HOST)";
				INFOPLIST_FILE = MZRefleshTests/Info.plist;
				LD_RUNPATH_SEARCH_PATHS = "$(inherited) @executable_path/Frameworks @loader_path/Frameworks";
				PRODUCT_BUNDLE_IDENTIFIER = com.mulburry.MZRefleshTests;
				PRODUCT_NAME = "$(TARGET_NAME)";
				SWIFT_VERSION = 4.0;
				TARGETED_DEVICE_FAMILY = "1,2";
				TEST_HOST = "$(BUILT_PRODUCTS_DIR)/MZReflesh.app/MZReflesh";
			};
			name = Debug;
		};
		0D348BE41F6B729000077DB7 /* Release */ = {
			isa = XCBuildConfiguration;
			buildSettings = {
				ALWAYS_EMBED_SWIFT_STANDARD_LIBRARIES = YES;
				BUNDLE_LOADER = "$(TEST_HOST)";
				INFOPLIST_FILE = MZRefleshTests/Info.plist;
				LD_RUNPATH_SEARCH_PATHS = "$(inherited) @executable_path/Frameworks @loader_path/Frameworks";
				PRODUCT_BUNDLE_IDENTIFIER = com.mulburry.MZRefleshTests;
				PRODUCT_NAME = "$(TARGET_NAME)";
				SWIFT_VERSION = 4.0;
				TARGETED_DEVICE_FAMILY = "1,2";
				TEST_HOST = "$(BUILT_PRODUCTS_DIR)/MZReflesh.app/MZReflesh";
			};
			name = Release;
		};
		0D348BE61F6B729000077DB7 /* Debug */ = {
			isa = XCBuildConfiguration;
			buildSettings = {
				ALWAYS_EMBED_SWIFT_STANDARD_LIBRARIES = YES;
				INFOPLIST_FILE = MZRefleshUITests/Info.plist;
				LD_RUNPATH_SEARCH_PATHS = "$(inherited) @executable_path/Frameworks @loader_path/Frameworks";
				PRODUCT_BUNDLE_IDENTIFIER = com.mulburry.MZRefleshUITests;
				PRODUCT_NAME = "$(TARGET_NAME)";
				SWIFT_VERSION = 4.0;
				TARGETED_DEVICE_FAMILY = "1,2";
				TEST_TARGET_NAME = MZReflesh;
			};
			name = Debug;
		};
		0D348BE71F6B729000077DB7 /* Release */ = {
			isa = XCBuildConfiguration;
			buildSettings = {
				ALWAYS_EMBED_SWIFT_STANDARD_LIBRARIES = YES;
				INFOPLIST_FILE = MZRefleshUITests/Info.plist;
				LD_RUNPATH_SEARCH_PATHS = "$(inherited) @executable_path/Frameworks @loader_path/Frameworks";
				PRODUCT_BUNDLE_IDENTIFIER = com.mulburry.MZRefleshUITests;
				PRODUCT_NAME = "$(TARGET_NAME)";
				SWIFT_VERSION = 4.0;
				TARGETED_DEVICE_FAMILY = "1,2";
				TEST_TARGET_NAME = MZReflesh;
			};
			name = Release;
		};
/* End XCBuildConfiguration section */

/* Begin XCConfigurationList section */
		0D348BB21F6B729000077DB7 /* Build configuration list for PBXProject "MZReflesh" */ = {
			isa = XCConfigurationList;
			buildConfigurations = (
				0D348BDD1F6B729000077DB7 /* Debug */,
				0D348BDE1F6B729000077DB7 /* Release */,
			);
			defaultConfigurationIsVisible = 0;
			defaultConfigurationName = Release;
		};
		0D348BDF1F6B729000077DB7 /* Build configuration list for PBXNativeTarget "MZReflesh" */ = {
			isa = XCConfigurationList;
			buildConfigurations = (
				0D348BE01F6B729000077DB7 /* Debug */,
				0D348BE11F6B729000077DB7 /* Release */,
			);
			defaultConfigurationIsVisible = 0;
		};
		0D348BE21F6B729000077DB7 /* Build configuration list for PBXNativeTarget "MZRefleshTests" */ = {
			isa = XCConfigurationList;
			buildConfigurations = (
				0D348BE31F6B729000077DB7 /* Debug */,
				0D348BE41F6B729000077DB7 /* Release */,
			);
			defaultConfigurationIsVisible = 0;
		};
		0D348BE51F6B729000077DB7 /* Build configuration list for PBXNativeTarget "MZRefleshUITests" */ = {
			isa = XCConfigurationList;
			buildConfigurations = (
				0D348BE61F6B729000077DB7 /* Debug */,
				0D348BE71F6B729000077DB7 /* Release */,
			);
			defaultConfigurationIsVisible = 0;
		};
/* End XCConfigurationList section */
	};
	rootObject = 0D348BAF1F6B729000077DB7 /* Project object */;
}
